// !$*UTF8*$!
{
	archiveVersion = 1;
	classes = {
	};
	objectVersion = 46;
	objects = {

/* Begin PBXBuildFile section */
		60FFE2891F571FE000C78977 /* AppDelegate.swift in Sources */ = {isa = PBXBuildFile; fileRef = 60FFE2881F571FE000C78977 /* AppDelegate.swift */; };
		60FFE28B1F571FE000C78977 /* ViewController.swift in Sources */ = {isa = PBXBuildFile; fileRef = 60FFE28A1F571FE000C78977 /* ViewController.swift */; };
		60FFE28E1F571FE000C78977 /* Main.storyboard in Resources */ = {isa = PBXBuildFile; fileRef = 60FFE28C1F571FE000C78977 /* Main.storyboard */; };
		60FFE2901F571FE000C78977 /* Assets.xcassets in Resources */ = {isa = PBXBuildFile; fileRef = 60FFE28F1F571FE000C78977 /* Assets.xcassets */; };
		60FFE2931F571FE000C78977 /* LaunchScreen.storyboard in Resources */ = {isa = PBXBuildFile; fileRef = 60FFE2911F571FE000C78977 /* LaunchScreen.storyboard */; };
		60FFE29E1F571FE000C78977 /* QuizTests.swift in Sources */ = {isa = PBXBuildFile; fileRef = 60FFE29D1F571FE000C78977 /* QuizTests.swift */; };
		60FFE2A91F571FE000C78977 /* QuizUITests.swift in Sources */ = {isa = PBXBuildFile; fileRef = 60FFE2A81F571FE000C78977 /* QuizUITests.swift */; };
/* End PBXBuildFile section */

/* Begin PBXContainerItemProxy section */
		60FFE29A1F571FE000C78977 /* PBXContainerItemProxy */ = {
			isa = PBXContainerItemProxy;
			containerPortal = 60FFE27D1F571FE000C78977 /* Project object */;
			proxyType = 1;
			remoteGlobalIDString = 60FFE2841F571FE000C78977;
			remoteInfo = Quiz;
		};
		60FFE2A51F571FE000C78977 /* PBXContainerItemProxy */ = {
			isa = PBXContainerItemProxy;
			containerPortal = 60FFE27D1F571FE000C78977 /* Project object */;
			proxyType = 1;
			remoteGlobalIDString = 60FFE2841F571FE000C78977;
			remoteInfo = Quiz;
		};
/* End PBXContainerItemProxy section */

/* Begin PBXFileReference section */
		60FFE2851F571FE000C78977 /* Quiz.app */ = {isa = PBXFileReference; explicitFileType = wrapper.application; includeInIndex = 0; path = Quiz.app; sourceTree = BUILT_PRODUCTS_DIR; };
		60FFE2881F571FE000C78977 /* AppDelegate.swift */ = {isa = PBXFileReference; lastKnownFileType = sourcecode.swift; path = AppDelegate.swift; sourceTree = "<group>"; };
		60FFE28A1F571FE000C78977 /* ViewController.swift */ = {isa = PBXFileReference; lastKnownFileType = sourcecode.swift; path = ViewController.swift; sourceTree = "<group>"; };
		60FFE28D1F571FE000C78977 /* Base */ = {isa = PBXFileReference; lastKnownFileType = file.storyboard; name = Base; path = Base.lproj/Main.storyboard; sourceTree = "<group>"; };
		60FFE28F1F571FE000C78977 /* Assets.xcassets */ = {isa = PBXFileReference; lastKnownFileType = folder.assetcatalog; path = Assets.xcassets; sourceTree = "<group>"; };
		60FFE2921F571FE000C78977 /* Base */ = {isa = PBXFileReference; lastKnownFileType = file.storyboard; name = Base; path = Base.lproj/LaunchScreen.storyboard; sourceTree = "<group>"; };
		60FFE2941F571FE000C78977 /* Info.plist */ = {isa = PBXFileReference; lastKnownFileType = text.plist.xml; path = Info.plist; sourceTree = "<group>"; };
		60FFE2991F571FE000C78977 /* QuizTests.xctest */ = {isa = PBXFileReference; explicitFileType = wrapper.cfbundle; includeInIndex = 0; path = QuizTests.xctest; sourceTree = BUILT_PRODUCTS_DIR; };
		60FFE29D1F571FE000C78977 /* QuizTests.swift */ = {isa = PBXFileReference; lastKnownFileType = sourcecode.swift; path = QuizTests.swift; sourceTree = "<group>"; };
		60FFE29F1F571FE000C78977 /* Info.plist */ = {isa = PBXFileReference; lastKnownFileType = text.plist.xml; path = Info.plist; sourceTree = "<group>"; };
		60FFE2A41F571FE000C78977 /* QuizUITests.xctest */ = {isa = PBXFileReference; explicitFileType = wrapper.cfbundle; includeInIndex = 0; path = QuizUITests.xctest; sourceTree = BUILT_PRODUCTS_DIR; };
		60FFE2A81F571FE000C78977 /* QuizUITests.swift */ = {isa = PBXFileReference; lastKnownFileType = sourcecode.swift; path = QuizUITests.swift; sourceTree = "<group>"; };
		60FFE2AA1F571FE000C78977 /* Info.plist */ = {isa = PBXFileReference; lastKnownFileType = text.plist.xml; path = Info.plist; sourceTree = "<group>"; };
/* End PBXFileReference section */

/* Begin PBXFrameworksBuildPhase section */
		60FFE2821F571FE000C78977 /* Frameworks */ = {
			isa = PBXFrameworksBuildPhase;
			buildActionMask = 2147483647;
			files = (
			);
			runOnlyForDeploymentPostprocessing = 0;
		};
		60FFE2961F571FE000C78977 /* Frameworks */ = {
			isa = PBXFrameworksBuildPhase;
			buildActionMask = 2147483647;
			files = (
			);
			runOnlyForDeploymentPostprocessing = 0;
		};
		60FFE2A11F571FE000C78977 /* Frameworks */ = {
			isa = PBXFrameworksBuildPhase;
			buildActionMask = 2147483647;
			files = (
			);
			runOnlyForDeploymentPostprocessing = 0;
		};
/* End PBXFrameworksBuildPhase section */

/* Begin PBXGroup section */
		60FFE27C1F571FE000C78977 = {
			isa = PBXGroup;
			children = (
				60FFE2871F571FE000C78977 /* Quiz */,
				60FFE29C1F571FE000C78977 /* QuizTests */,
				60FFE2A71F571FE000C78977 /* QuizUITests */,
				60FFE2861F571FE000C78977 /* Products */,
			);
			sourceTree = "<group>";
		};
		60FFE2861F571FE000C78977 /* Products */ = {
			isa = PBXGroup;
			children = (
				60FFE2851F571FE000C78977 /* Quiz.app */,
				60FFE2991F571FE000C78977 /* QuizTests.xctest */,
				60FFE2A41F571FE000C78977 /* QuizUITests.xctest */,
			);
			name = Products;
			sourceTree = "<group>";
		};
		60FFE2871F571FE000C78977 /* Quiz */ = {
			isa = PBXGroup;
			children = (
				60FFE2881F571FE000C78977 /* AppDelegate.swift */,
				60FFE28A1F571FE000C78977 /* ViewController.swift */,
				60FFE28C1F571FE000C78977 /* Main.storyboard */,
				60FFE28F1F571FE000C78977 /* Assets.xcassets */,
				60FFE2911F571FE000C78977 /* LaunchScreen.storyboard */,
				60FFE2941F571FE000C78977 /* Info.plist */,
			);
			path = Quiz;
			sourceTree = "<group>";
		};
		60FFE29C1F571FE000C78977 /* QuizTests */ = {
			isa = PBXGroup;
			children = (
				60FFE29D1F571FE000C78977 /* QuizTests.swift */,
				60FFE29F1F571FE000C78977 /* Info.plist */,
			);
			path = QuizTests;
			sourceTree = "<group>";
		};
		60FFE2A71F571FE000C78977 /* QuizUITests */ = {
			isa = PBXGroup;
			children = (
				60FFE2A81F571FE000C78977 /* QuizUITests.swift */,
				60FFE2AA1F571FE000C78977 /* Info.plist */,
			);
			path = QuizUITests;
			sourceTree = "<group>";
		};
/* End PBXGroup section */

/* Begin PBXNativeTarget section */
		60FFE2841F571FE000C78977 /* Quiz */ = {
			isa = PBXNativeTarget;
			buildConfigurationList = 60FFE2AD1F571FE000C78977 /* Build configuration list for PBXNativeTarget "Quiz" */;
			buildPhases = (
				60FFE2811F571FE000C78977 /* Sources */,
				60FFE2821F571FE000C78977 /* Frameworks */,
				60FFE2831F571FE000C78977 /* Resources */,
			);
			buildRules = (
			);
			dependencies = (
			);
			name = Quiz;
			productName = Quiz;
			productReference = 60FFE2851F571FE000C78977 /* Quiz.app */;
			productType = "com.apple.product-type.application";
		};
		60FFE2981F571FE000C78977 /* QuizTests */ = {
			isa = PBXNativeTarget;
			buildConfigurationList = 60FFE2B01F571FE000C78977 /* Build configuration list for PBXNativeTarget "QuizTests" */;
			buildPhases = (
				60FFE2951F571FE000C78977 /* Sources */,
				60FFE2961F571FE000C78977 /* Frameworks */,
				60FFE2971F571FE000C78977 /* Resources */,
			);
			buildRules = (
			);
			dependencies = (
				60FFE29B1F571FE000C78977 /* PBXTargetDependency */,
			);
			name = QuizTests;
			productName = QuizTests;
			productReference = 60FFE2991F571FE000C78977 /* QuizTests.xctest */;
			productType = "com.apple.product-type.bundle.unit-test";
		};
		60FFE2A31F571FE000C78977 /* QuizUITests */ = {
			isa = PBXNativeTarget;
			buildConfigurationList = 60FFE2B31F571FE000C78977 /* Build configuration list for PBXNativeTarget "QuizUITests" */;
			buildPhases = (
				60FFE2A01F571FE000C78977 /* Sources */,
				60FFE2A11F571FE000C78977 /* Frameworks */,
				60FFE2A21F571FE000C78977 /* Resources */,
			);
			buildRules = (
			);
			dependencies = (
				60FFE2A61F571FE000C78977 /* PBXTargetDependency */,
			);
			name = QuizUITests;
			productName = QuizUITests;
			productReference = 60FFE2A41F571FE000C78977 /* QuizUITests.xctest */;
			productType = "com.apple.product-type.bundle.ui-testing";
		};
/* End PBXNativeTarget section */

/* Begin PBXProject section */
		60FFE27D1F571FE000C78977 /* Project object */ = {
			isa = PBXProject;
			attributes = {
				LastSwiftUpdateCheck = 0830;
				LastUpgradeCheck = 0830;
				ORGANIZATIONNAME = "Iker Redondo Pedroche";
				TargetAttributes = {
					60FFE2841F571FE000C78977 = {
						CreatedOnToolsVersion = 8.3.3;
						ProvisioningStyle = Automatic;
					};
					60FFE2981F571FE000C78977 = {
						CreatedOnToolsVersion = 8.3.3;
						ProvisioningStyle = Automatic;
						TestTargetID = 60FFE2841F571FE000C78977;
					};
					60FFE2A31F571FE000C78977 = {
						CreatedOnToolsVersion = 8.3.3;
						ProvisioningStyle = Automatic;
						TestTargetID = 60FFE2841F571FE000C78977;
					};
				};
			};
			buildConfigurationList = 60FFE2801F571FE000C78977 /* Build configuration list for PBXProject "Quiz" */;
			compatibilityVersion = "Xcode 3.2";
			developmentRegion = English;
			hasScannedForEncodings = 0;
			knownRegions = (
				en,
				Base,
			);
			mainGroup = 60FFE27C1F571FE000C78977;
			productRefGroup = 60FFE2861F571FE000C78977 /* Products */;
			projectDirPath = "";
			projectRoot = "";
			targets = (
				60FFE2841F571FE000C78977 /* Quiz */,
				60FFE2981F571FE000C78977 /* QuizTests */,
				60FFE2A31F571FE000C78977 /* QuizUITests */,
			);
		};
/* End PBXProject section */

/* Begin PBXResourcesBuildPhase section */
		60FFE2831F571FE000C78977 /* Resources */ = {
			isa = PBXResourcesBuildPhase;
			buildActionMask = 2147483647;
			files = (
				60FFE2931F571FE000C78977 /* LaunchScreen.storyboard in Resources */,
				60FFE2901F571FE000C78977 /* Assets.xcassets in Resources */,
				60FFE28E1F571FE000C78977 /* Main.storyboard in Resources */,
			);
			runOnlyForDeploymentPostprocessing = 0;
		};
		60FFE2971F571FE000C78977 /* Resources */ = {
			isa = PBXResourcesBuildPhase;
			buildActionMask = 2147483647;
			files = (
			);
			runOnlyForDeploymentPostprocessing = 0;
		};
		60FFE2A21F571FE000C78977 /* Resources */ = {
			isa = PBXResourcesBuildPhase;
			buildActionMask = 2147483647;
			files = (
			);
			runOnlyForDeploymentPostprocessing = 0;
		};
/* End PBXResourcesBuildPhase section */

/* Begin PBXSourcesBuildPhase section */
		60FFE2811F571FE000C78977 /* Sources */ = {
			isa = PBXSourcesBuildPhase;
			buildActionMask = 2147483647;
			files = (
				60FFE28B1F571FE000C78977 /* ViewController.swift in Sources */,
				60FFE2891F571FE000C78977 /* AppDelegate.swift in Sources */,
			);
			runOnlyForDeploymentPostprocessing = 0;
		};
		60FFE2951F571FE000C78977 /* Sources */ = {
			isa = PBXSourcesBuildPhase;
			buildActionMask = 2147483647;
			files = (
				60FFE29E1F571FE000C78977 /* QuizTests.swift in Sources */,
			);
			runOnlyForDeploymentPostprocessing = 0;
		};
		60FFE2A01F571FE000C78977 /* Sources */ = {
			isa = PBXSourcesBuildPhase;
			buildActionMask = 2147483647;
			files = (
				60FFE2A91F571FE000C78977 /* QuizUITests.swift in Sources */,
			);
			runOnlyForDeploymentPostprocessing = 0;
		};
/* End PBXSourcesBuildPhase section */

/* Begin PBXTargetDependency section */
		60FFE29B1F571FE000C78977 /* PBXTargetDependency */ = {
			isa = PBXTargetDependency;
			target = 60FFE2841F571FE000C78977 /* Quiz */;
			targetProxy = 60FFE29A1F571FE000C78977 /* PBXContainerItemProxy */;
		};
		60FFE2A61F571FE000C78977 /* PBXTargetDependency */ = {
			isa = PBXTargetDependency;
			target = 60FFE2841F571FE000C78977 /* Quiz */;
			targetProxy = 60FFE2A51F571FE000C78977 /* PBXContainerItemProxy */;
		};
/* End PBXTargetDependency section */

/* Begin PBXVariantGroup section */
		60FFE28C1F571FE000C78977 /* Main.storyboard */ = {
			isa = PBXVariantGroup;
			children = (
				60FFE28D1F571FE000C78977 /* Base */,
			);
			name = Main.storyboard;
			sourceTree = "<group>";
		};
		60FFE2911F571FE000C78977 /* LaunchScreen.storyboard */ = {
			isa = PBXVariantGroup;
			children = (
				60FFE2921F571FE000C78977 /* Base */,
			);
			name = LaunchScreen.storyboard;
			sourceTree = "<group>";
		};
/* End PBXVariantGroup section */

/* Begin XCBuildConfiguration section */
		60FFE2AB1F571FE000C78977 /* Debug */ = {
			isa = XCBuildConfiguration;
			buildSettings = {
				ALWAYS_SEARCH_USER_PATHS = NO;
				CLANG_ANALYZER_NONNULL = YES;
				CLANG_ANALYZER_NUMBER_OBJECT_CONVERSION = YES_AGGRESSIVE;
				CLANG_CXX_LANGUAGE_STANDARD = "gnu++0x";
				CLANG_CXX_LIBRARY = "libc++";
				CLANG_ENABLE_MODULES = YES;
				CLANG_ENABLE_OBJC_ARC = YES;
				CLANG_WARN_BOOL_CONVERSION = YES;
				CLANG_WARN_CONSTANT_CONVERSION = YES;
				CLANG_WARN_DIRECT_OBJC_ISA_USAGE = YES_ERROR;
				CLANG_WARN_DOCUMENTATION_COMMENTS = YES;
				CLANG_WARN_EMPTY_BODY = YES;
				CLANG_WARN_ENUM_CONVERSION = YES;
				CLANG_WARN_INFINITE_RECURSION = YES;
				CLANG_WARN_INT_CONVERSION = YES;
				CLANG_WARN_OBJC_ROOT_CLASS = YES_ERROR;
				CLANG_WARN_SUSPICIOUS_MOVE = YES;
				CLANG_WARN_UNREACHABLE_CODE = YES;
				CLANG_WARN__DUPLICATE_METHOD_MATCH = YES;
				"CODE_SIGN_IDENTITY[sdk=iphoneos*]" = "iPhone Developer";
				COPY_PHASE_STRIP = NO;
				DEBUG_INFORMATION_FORMAT = dwarf;
				ENABLE_STRICT_OBJC_MSGSEND = YES;
				ENABLE_TESTABILITY = YES;
				GCC_C_LANGUAGE_STANDARD = gnu99;
				GCC_DYNAMIC_NO_PIC = NO;
				GCC_NO_COMMON_BLOCKS = YES;
				GCC_OPTIMIZATION_LEVEL = 0;
				GCC_PREPROCESSOR_DEFINITIONS = (
					"DEBUG=1",
					"$(inherited)",
				);
				GCC_WARN_64_TO_32_BIT_CONVERSION = YES;
				GCC_WARN_ABOUT_RETURN_TYPE = YES_ERROR;
				GCC_WARN_UNDECLARED_SELECTOR = YES;
				GCC_WARN_UNINITIALIZED_AUTOS = YES_AGGRESSIVE;
				GCC_WARN_UNUSED_FUNCTION = YES;
				GCC_WARN_UNUSED_VARIABLE = YES;
				IPHONEOS_DEPLOYMENT_TARGET = 10.3;
				MTL_ENABLE_DEBUG_INFO = YES;
				ONLY_ACTIVE_ARCH = YES;
				SDKROOT = iphoneos;
				SWIFT_ACTIVE_COMPILATION_CONDITIONS = DEBUG;
				SWIFT_OPTIMIZATION_LEVEL = "-Onone";
				TARGETED_DEVICE_FAMILY = "1,2";
			};
			name = Debug;
		};
		60FFE2AC1F571FE000C78977 /* Release */ = {
			isa = XCBuildConfiguration;
			buildSettings = {
				ALWAYS_SEARCH_USER_PATHS = NO;
				CLANG_ANALYZER_NONNULL = YES;
				CLANG_ANALYZER_NUMBER_OBJECT_CONVERSION = YES_AGGRESSIVE;
				CLANG_CXX_LANGUAGE_STANDARD = "gnu++0x";
				CLANG_CXX_LIBRARY = "libc++";
				CLANG_ENABLE_MODULES = YES;
				CLANG_ENABLE_OBJC_ARC = YES;
				CLANG_WARN_BOOL_CONVERSION = YES;
				CLANG_WARN_CONSTANT_CONVERSION = YES;
				CLANG_WARN_DIRECT_OBJC_ISA_USAGE = YES_ERROR;
				CLANG_WARN_DOCUMENTATION_COMMENTS = YES;
				CLANG_WARN_EMPTY_BODY = YES;
				CLANG_WARN_ENUM_CONVERSION = YES;
				CLANG_WARN_INFINITE_RECURSION = YES;
				CLANG_WARN_INT_CONVERSION = YES;
				CLANG_WARN_OBJC_ROOT_CLASS = YES_ERROR;
				CLANG_WARN_SUSPICIOUS_MOVE = YES;
				CLANG_WARN_UNREACHABLE_CODE = YES;
				CLANG_WARN__DUPLICATE_METHOD_MATCH = YES;
				"CODE_SIGN_IDENTITY[sdk=iphoneos*]" = "iPhone Developer";
				COPY_PHASE_STRIP = NO;
				DEBUG_INFORMATION_FORMAT = "dwarf-with-dsym";
				ENABLE_NS_ASSERTIONS = NO;
				ENABLE_STRICT_OBJC_MSGSEND = YES;
				GCC_C_LANGUAGE_STANDARD = gnu99;
				GCC_NO_COMMON_BLOCKS = YES;
				GCC_WARN_64_TO_32_BIT_CONVERSION = YES;
				GCC_WARN_ABOUT_RETURN_TYPE = YES_ERROR;
				GCC_WARN_UNDECLARED_SELECTOR = YES;
				GCC_WARN_UNINITIALIZED_AUTOS = YES_AGGRESSIVE;
				GCC_WARN_UNUSED_FUNCTION = YES;
				GCC_WARN_UNUSED_VARIABLE = YES;
				IPHONEOS_DEPLOYMENT_TARGET = 10.3;
				MTL_ENABLE_DEBUG_INFO = NO;
				SDKROOT = iphoneos;
				SWIFT_OPTIMIZATION_LEVEL = "-Owholemodule";
				TARGETED_DEVICE_FAMILY = "1,2";
				VALIDATE_PRODUCT = YES;
			};
			name = Release;
		};
		60FFE2AE1F571FE000C78977 /* Debug */ = {
			isa = XCBuildConfiguration;
			buildSettings = {
				ASSETCATALOG_COMPILER_APPICON_NAME = AppIcon;
				INFOPLIST_FILE = Quiz/Info.plist;
				LD_RUNPATH_SEARCH_PATHS = "$(inherited) @executable_path/Frameworks";
				PRODUCT_BUNDLE_IDENTIFIER = iker.Quiz;
				PRODUCT_NAME = "$(TARGET_NAME)";
				SWIFT_VERSION = 3.0;
			};
			name = Debug;
		};
		60FFE2AF1F571FE000C78977 /* Release */ = {
			isa = XCBuildConfiguration;
			buildSettings = {
				ASSETCATALOG_COMPILER_APPICON_NAME = AppIcon;
				INFOPLIST_FILE = Quiz/Info.plist;
				LD_RUNPATH_SEARCH_PATHS = "$(inherited) @executable_path/Frameworks";
				PRODUCT_BUNDLE_IDENTIFIER = iker.Quiz;
				PRODUCT_NAME = "$(TARGET_NAME)";
				SWIFT_VERSION = 3.0;
			};
			name = Release;
		};
		60FFE2B11F571FE000C78977 /* Debug */ = {
			isa = XCBuildConfiguration;
			buildSettings = {
				ALWAYS_EMBED_SWIFT_STANDARD_LIBRARIES = YES;
				BUNDLE_LOADER = "$(TEST_HOST)";
				INFOPLIST_FILE = QuizTests/Info.plist;
				LD_RUNPATH_SEARCH_PATHS = "$(inherited) @executable_path/Frameworks @loader_path/Frameworks";
				PRODUCT_BUNDLE_IDENTIFIER = iker.QuizTests;
				PRODUCT_NAME = "$(TARGET_NAME)";
				SWIFT_VERSION = 3.0;
				TEST_HOST = "$(BUILT_PRODUCTS_DIR)/Quiz.app/Quiz";
			};
			name = Debug;
		};
		60FFE2B21F571FE000C78977 /* Release */ = {
			isa = XCBuildConfiguration;
			buildSettings = {
				ALWAYS_EMBED_SWIFT_STANDARD_LIBRARIES = YES;
				BUNDLE_LOADER = "$(TEST_HOST)";
				INFOPLIST_FILE = QuizTests/Info.plist;
				LD_RUNPATH_SEARCH_PATHS = "$(inherited) @executable_path/Frameworks @loader_path/Frameworks";
				PRODUCT_BUNDLE_IDENTIFIER = iker.QuizTests;
				PRODUCT_NAME = "$(TARGET_NAME)";
				SWIFT_VERSION = 3.0;
				TEST_HOST = "$(BUILT_PRODUCTS_DIR)/Quiz.app/Quiz";
			};
			name = Release;
		};
		60FFE2B41F571FE000C78977 /* Debug */ = {
			isa = XCBuildConfiguration;
			buildSettings = {
				ALWAYS_EMBED_SWIFT_STANDARD_LIBRARIES = YES;
				INFOPLIST_FILE = QuizUITests/Info.plist;
				LD_RUNPATH_SEARCH_PATHS = "$(inherited) @executable_path/Frameworks @loader_path/Frameworks";
				PRODUCT_BUNDLE_IDENTIFIER = iker.QuizUITests;
				PRODUCT_NAME = "$(TARGET_NAME)";
				SWIFT_VERSION = 3.0;
				TEST_TARGET_NAME = Quiz;
			};
			name = Debug;
		};
		60FFE2B51F571FE000C78977 /* Release */ = {
			isa = XCBuildConfiguration;
			buildSettings = {
				ALWAYS_EMBED_SWIFT_STANDARD_LIBRARIES = YES;
				INFOPLIST_FILE = QuizUITests/Info.plist;
				LD_RUNPATH_SEARCH_PATHS = "$(inherited) @executable_path/Frameworks @loader_path/Frameworks";
				PRODUCT_BUNDLE_IDENTIFIER = iker.QuizUITests;
				PRODUCT_NAME = "$(TARGET_NAME)";
				SWIFT_VERSION = 3.0;
				TEST_TARGET_NAME = Quiz;
			};
			name = Release;
		};
/* End XCBuildConfiguration section */

/* Begin XCConfigurationList section */
		60FFE2801F571FE000C78977 /* Build configuration list for PBXProject "Quiz" */ = {
			isa = XCConfigurationList;
			buildConfigurations = (
				60FFE2AB1F571FE000C78977 /* Debug */,
				60FFE2AC1F571FE000C78977 /* Release */,
			);
			defaultConfigurationIsVisible = 0;
			defaultConfigurationName = Release;
		};
		60FFE2AD1F571FE000C78977 /* Build configuration list for PBXNativeTarget "Quiz" */ = {
			isa = XCConfigurationList;
			buildConfigurations = (
				60FFE2AE1F571FE000C78977 /* Debug */,
				60FFE2AF1F571FE000C78977 /* Release */,
			);
			defaultConfigurationIsVisible = 0;
		};
		60FFE2B01F571FE000C78977 /* Build configuration list for PBXNativeTarget "QuizTests" */ = {
			isa = XCConfigurationList;
			buildConfigurations = (
				60FFE2B11F571FE000C78977 /* Debug */,
				60FFE2B21F571FE000C78977 /* Release */,
			);
			defaultConfigurationIsVisible = 0;
		};
		60FFE2B31F571FE000C78977 /* Build configuration list for PBXNativeTarget "QuizUITests" */ = {
			isa = XCConfigurationList;
			buildConfigurations = (
				60FFE2B41F571FE000C78977 /* Debug */,
				60FFE2B51F571FE000C78977 /* Release */,
			);
			defaultConfigurationIsVisible = 0;
		};
/* End XCConfigurationList section */
	};
	rootObject = 60FFE27D1F571FE000C78977 /* Project object */;
}
